
Microsoft Visual Studio Solution File, Format Version 12.00
# Visual Studio Version 16
VisualStudioVersion = 16.0.31702.278
MinimumVisualStudioVersion = 10.0.40219.1
Project("{FAE04EC0-301F-11D3-BF4B-00C04F79EFBC}") = "SystemRegedit", "SystemRegedit\SystemRegedit.csproj", "{527550B9-BCE2-491C-8B5F-3445B68C5746}"
EndProject
Global
	GlobalSection(SolutionConfigurationPlatforms) = preSolution
		Debug|Any CPU = Debug|Any CPU
		Release|Any CPU = Release|Any CPU
	EndGlobalSection
	GlobalSection(ProjectConfigurationPlatforms) = postSolution
		{527550B9-BCE2-491C-8B5F-3445B68C5746}.Debug|Any CPU.ActiveCfg = Debug|Any CPU
		{527550B9-BCE2-491C-8B5F-3445B68C5746}.Debug|Any CPU.Build.0 = Debug|Any CPU
		{527550B9-BCE2-491C-8B5F-3445B68C5746}.Release|Any CPU.ActiveCfg = Release|Any CPU
		{527550B9-BCE2-491C-8B5F-3445B68C5746}.Release|Any CPU.Build.0 = Release|Any CPU
	EndGlobalSection
	GlobalSection(SolutionProperties) = preSolution
		HideSolutionNode = FALSE
	EndGlobalSection
	GlobalSection(ExtensibilityGlobals) = postSolution
		SolutionGuid = {B7948B04-1AB9-4A0B-83D5-592689E9C752}
	EndGlobalSection
EndGlobal
